
Microsoft Visual Studio Solution File, Format Version 12.00
# Visual Studio Version 17
VisualStudioVersion = 17.11.35312.102
MinimumVisualStudioVersion = 10.0.40219.1
Project("{FAE04EC0-301F-11D3-BF4B-00C04F79EFBC}") = "TaskManager.API", "TaskManager.API\TaskManager.API.csproj", "{59A0508A-B5A0-4B15-B9DE-F33F686AC856}"
EndProject
Project("{FAE04EC0-301F-11D3-BF4B-00C04F79EFBC}") = "TaskManager.Communication", "TaskManager.Communication\TaskManager.Communication.csproj", "{A8BCFC09-0E53-4B19-B397-B784AA4C81DE}"
EndProject
Project("{FAE04EC0-301F-11D3-BF4B-00C04F79EFBC}") = "TaskManager.Application", "TaskManager.Application\TaskManager.Application.csproj", "{E6C6BACD-D95A-4939-9B7B-9D3B14452480}"
EndProject
Global
	GlobalSection(SolutionConfigurationPlatforms) = preSolution
		Debug|Any CPU = Debug|Any CPU
		Release|Any CPU = Release|Any CPU
	EndGlobalSection
	GlobalSection(ProjectConfigurationPlatforms) = postSolution
		{59A0508A-B5A0-4B15-B9DE-F33F686AC856}.Debug|Any CPU.ActiveCfg = Debug|Any CPU
		{59A0508A-B5A0-4B15-B9DE-F33F686AC856}.Debug|Any CPU.Build.0 = Debug|Any CPU
		{59A0508A-B5A0-4B15-B9DE-F33F686AC856}.Release|Any CPU.ActiveCfg = Release|Any CPU
		{59A0508A-B5A0-4B15-B9DE-F33F686AC856}.Release|Any CPU.Build.0 = Release|Any CPU
		{A8BCFC09-0E53-4B19-B397-B784AA4C81DE}.Debug|Any CPU.ActiveCfg = Debug|Any CPU
		{A8BCFC09-0E53-4B19-B397-B784AA4C81DE}.Debug|Any CPU.Build.0 = Debug|Any CPU
		{A8BCFC09-0E53-4B19-B397-B784AA4C81DE}.Release|Any CPU.ActiveCfg = Release|Any CPU
		{A8BCFC09-0E53-4B19-B397-B784AA4C81DE}.Release|Any CPU.Build.0 = Release|Any CPU
		{E6C6BACD-D95A-4939-9B7B-9D3B14452480}.Debug|Any CPU.ActiveCfg = Debug|Any CPU
		{E6C6BACD-D95A-4939-9B7B-9D3B14452480}.Debug|Any CPU.Build.0 = Debug|Any CPU
		{E6C6BACD-D95A-4939-9B7B-9D3B14452480}.Release|Any CPU.ActiveCfg = Release|Any CPU
		{E6C6BACD-D95A-4939-9B7B-9D3B14452480}.Release|Any CPU.Build.0 = Release|Any CPU
	EndGlobalSection
	GlobalSection(SolutionProperties) = preSolution
		HideSolutionNode = FALSE
	EndGlobalSection
	GlobalSection(ExtensibilityGlobals) = postSolution
		SolutionGuid = {7048DE9A-616D-4B19-B46C-EF027766598E}
	EndGlobalSection
EndGlobal
